// !$*UTF8*$!
{
	archiveVersion = 1;
	classes = {
	};
	objectVersion = 46;
	objects = {

/* Begin PBXBuildFile section */
		B032983D1BD529FF00C5E0B0 /* main.m in Sources */ = {isa = PBXBuildFile; fileRef = B032983C1BD529FF00C5E0B0 /* main.m */; };
		B03298401BD529FF00C5E0B0 /* AppDelegate.m in Sources */ = {isa = PBXBuildFile; fileRef = B032983F1BD529FF00C5E0B0 /* AppDelegate.m */; };
		B03298431BD529FF00C5E0B0 /* ViewController.m in Sources */ = {isa = PBXBuildFile; fileRef = B03298421BD529FF00C5E0B0 /* ViewController.m */; };
		B03298461BD529FF00C5E0B0 /* Main.storyboard in Resources */ = {isa = PBXBuildFile; fileRef = B03298441BD529FF00C5E0B0 /* Main.storyboard */; };
		B03298481BD529FF00C5E0B0 /* Assets.xcassets in Resources */ = {isa = PBXBuildFile; fileRef = B03298471BD529FF00C5E0B0 /* Assets.xcassets */; };
		B032984B1BD529FF00C5E0B0 /* LaunchScreen.storyboard in Resources */ = {isa = PBXBuildFile; fileRef = B03298491BD529FF00C5E0B0 /* LaunchScreen.storyboard */; };
		B03298561BD529FF00C5E0B0 /* TagListUITests.m in Sources */ = {isa = PBXBuildFile; fileRef = B03298551BD529FF00C5E0B0 /* TagListUITests.m */; };
		B03298631BD52A2300C5E0B0 /* WDTagListView.m in Sources */ = {isa = PBXBuildFile; fileRef = B03298621BD52A2300C5E0B0 /* WDTagListView.m */; settings = {ASSET_TAGS = (); }; };
		B03298671BD52EDC00C5E0B0 /* UIImage+Resize.m in Sources */ = {isa = PBXBuildFile; fileRef = B03298661BD52EDC00C5E0B0 /* UIImage+Resize.m */; settings = {ASSET_TAGS = (); }; };
/* End PBXBuildFile section */

/* Begin PBXContainerItemProxy section */
		B03298521BD529FF00C5E0B0 /* PBXContainerItemProxy */ = {
			isa = PBXContainerItemProxy;
			containerPortal = B03298301BD529FF00C5E0B0 /* Project object */;
			proxyType = 1;
			remoteGlobalIDString = B03298371BD529FF00C5E0B0;
			remoteInfo = TagList;
		};
/* End PBXContainerItemProxy section */

/* Begin PBXFileReference section */
		B03298381BD529FF00C5E0B0 /* TagList.app */ = {isa = PBXFileReference; explicitFileType = wrapper.application; includeInIndex = 0; path = TagList.app; sourceTree = BUILT_PRODUCTS_DIR; };
		B032983C1BD529FF00C5E0B0 /* main.m */ = {isa = PBXFileReference; lastKnownFileType = sourcecode.c.objc; path = main.m; sourceTree = "<group>"; };
		B032983E1BD529FF00C5E0B0 /* AppDelegate.h */ = {isa = PBXFileReference; lastKnownFileType = sourcecode.c.h; path = AppDelegate.h; sourceTree = "<group>"; };
		B032983F1BD529FF00C5E0B0 /* AppDelegate.m */ = {isa = PBXFileReference; lastKnownFileType = sourcecode.c.objc; path = AppDelegate.m; sourceTree = "<group>"; };
		B03298411BD529FF00C5E0B0 /* ViewController.h */ = {isa = PBXFileReference; lastKnownFileType = sourcecode.c.h; path = ViewController.h; sourceTree = "<group>"; };
		B03298421BD529FF00C5E0B0 /* ViewController.m */ = {isa = PBXFileReference; lastKnownFileType = sourcecode.c.objc; path = ViewController.m; sourceTree = "<group>"; };
		B03298451BD529FF00C5E0B0 /* Base */ = {isa = PBXFileReference; lastKnownFileType = file.storyboard; name = Base; path = Base.lproj/Main.storyboard; sourceTree = "<group>"; };
		B03298471BD529FF00C5E0B0 /* Assets.xcassets */ = {isa = PBXFileReference; lastKnownFileType = folder.assetcatalog; path = Assets.xcassets; sourceTree = "<group>"; };
		B032984A1BD529FF00C5E0B0 /* Base */ = {isa = PBXFileReference; lastKnownFileType = file.storyboard; name = Base; path = Base.lproj/LaunchScreen.storyboard; sourceTree = "<group>"; };
		B032984C1BD529FF00C5E0B0 /* Info.plist */ = {isa = PBXFileReference; lastKnownFileType = text.plist.xml; path = Info.plist; sourceTree = "<group>"; };
		B03298511BD529FF00C5E0B0 /* TagListUITests.xctest */ = {isa = PBXFileReference; explicitFileType = wrapper.cfbundle; includeInIndex = 0; path = TagListUITests.xctest; sourceTree = BUILT_PRODUCTS_DIR; };
		B03298551BD529FF00C5E0B0 /* TagListUITests.m */ = {isa = PBXFileReference; lastKnownFileType = sourcecode.c.objc; path = TagListUITests.m; sourceTree = "<group>"; };
		B03298571BD529FF00C5E0B0 /* Info.plist */ = {isa = PBXFileReference; lastKnownFileType = text.plist.xml; path = Info.plist; sourceTree = "<group>"; };
		B03298611BD52A2300C5E0B0 /* WDTagListView.h */ = {isa = PBXFileReference; fileEncoding = 4; lastKnownFileType = sourcecode.c.h; path = WDTagListView.h; sourceTree = "<group>"; };
		B03298621BD52A2300C5E0B0 /* WDTagListView.m */ = {isa = PBXFileReference; fileEncoding = 4; lastKnownFileType = sourcecode.c.objc; path = WDTagListView.m; sourceTree = "<group>"; };
		B03298651BD52EDC00C5E0B0 /* UIImage+Resize.h */ = {isa = PBXFileReference; fileEncoding = 4; lastKnownFileType = sourcecode.c.h; path = "UIImage+Resize.h"; sourceTree = "<group>"; };
		B03298661BD52EDC00C5E0B0 /* UIImage+Resize.m */ = {isa = PBXFileReference; fileEncoding = 4; lastKnownFileType = sourcecode.c.objc; path = "UIImage+Resize.m"; sourceTree = "<group>"; };
/* End PBXFileReference section */

/* Begin PBXFrameworksBuildPhase section */
		B03298351BD529FF00C5E0B0 /* Frameworks */ = {
			isa = PBXFrameworksBuildPhase;
			buildActionMask = 2147483647;
			files = (
			);
			runOnlyForDeploymentPostprocessing = 0;
		};
		B032984E1BD529FF00C5E0B0 /* Frameworks */ = {
			isa = PBXFrameworksBuildPhase;
			buildActionMask = 2147483647;
			files = (
			);
			runOnlyForDeploymentPostprocessing = 0;
		};
/* End PBXFrameworksBuildPhase section */

/* Begin PBXGroup section */
		B032982F1BD529FF00C5E0B0 = {
			isa = PBXGroup;
			children = (
				B032983A1BD529FF00C5E0B0 /* TagList */,
				B03298541BD529FF00C5E0B0 /* TagListUITests */,
				B03298391BD529FF00C5E0B0 /* Products */,
			);
			sourceTree = "<group>";
		};
		B03298391BD529FF00C5E0B0 /* Products */ = {
			isa = PBXGroup;
			children = (
				B03298381BD529FF00C5E0B0 /* TagList.app */,
				B03298511BD529FF00C5E0B0 /* TagListUITests.xctest */,
			);
			name = Products;
			sourceTree = "<group>";
		};
		B032983A1BD529FF00C5E0B0 /* TagList */ = {
			isa = PBXGroup;
			children = (
				B03298641BD52EB500C5E0B0 /* Catagory */,
				B03298601BD52A0E00C5E0B0 /* View */,
				B032983E1BD529FF00C5E0B0 /* AppDelegate.h */,
				B032983F1BD529FF00C5E0B0 /* AppDelegate.m */,
				B03298411BD529FF00C5E0B0 /* ViewController.h */,
				B03298421BD529FF00C5E0B0 /* ViewController.m */,
				B03298441BD529FF00C5E0B0 /* Main.storyboard */,
				B03298471BD529FF00C5E0B0 /* Assets.xcassets */,
				B03298491BD529FF00C5E0B0 /* LaunchScreen.storyboard */,
				B032984C1BD529FF00C5E0B0 /* Info.plist */,
				B032983B1BD529FF00C5E0B0 /* Supporting Files */,
			);
			path = TagList;
			sourceTree = "<group>";
		};
		B032983B1BD529FF00C5E0B0 /* Supporting Files */ = {
			isa = PBXGroup;
			children = (
				B032983C1BD529FF00C5E0B0 /* main.m */,
			);
			name = "Supporting Files";
			sourceTree = "<group>";
		};
		B03298541BD529FF00C5E0B0 /* TagListUITests */ = {
			isa = PBXGroup;
			children = (
				B03298551BD529FF00C5E0B0 /* TagListUITests.m */,
				B03298571BD529FF00C5E0B0 /* Info.plist */,
			);
			path = TagListUITests;
			sourceTree = "<group>";
		};
		B03298601BD52A0E00C5E0B0 /* View */ = {
			isa = PBXGroup;
			children = (
				B03298611BD52A2300C5E0B0 /* WDTagListView.h */,
				B03298621BD52A2300C5E0B0 /* WDTagListView.m */,
			);
			name = View;
			sourceTree = "<group>";
		};
		B03298641BD52EB500C5E0B0 /* Catagory */ = {
			isa = PBXGroup;
			children = (
				B03298651BD52EDC00C5E0B0 /* UIImage+Resize.h */,
				B03298661BD52EDC00C5E0B0 /* UIImage+Resize.m */,
			);
			name = Catagory;
			sourceTree = "<group>";
		};
/* End PBXGroup section */

/* Begin PBXNativeTarget section */
		B03298371BD529FF00C5E0B0 /* TagList */ = {
			isa = PBXNativeTarget;
			buildConfigurationList = B032985A1BD529FF00C5E0B0 /* Build configuration list for PBXNativeTarget "TagList" */;
			buildPhases = (
				B03298341BD529FF00C5E0B0 /* Sources */,
				B03298351BD529FF00C5E0B0 /* Frameworks */,
				B03298361BD529FF00C5E0B0 /* Resources */,
			);
			buildRules = (
			);
			dependencies = (
			);
			name = TagList;
			productName = TagList;
			productReference = B03298381BD529FF00C5E0B0 /* TagList.app */;
			productType = "com.apple.product-type.application";
		};
		B03298501BD529FF00C5E0B0 /* TagListUITests */ = {
			isa = PBXNativeTarget;
			buildConfigurationList = B032985D1BD529FF00C5E0B0 /* Build configuration list for PBXNativeTarget "TagListUITests" */;
			buildPhases = (
				B032984D1BD529FF00C5E0B0 /* Sources */,
				B032984E1BD529FF00C5E0B0 /* Frameworks */,
				B032984F1BD529FF00C5E0B0 /* Resources */,
			);
			buildRules = (
			);
			dependencies = (
				B03298531BD529FF00C5E0B0 /* PBXTargetDependency */,
			);
			name = TagListUITests;
			productName = TagListUITests;
			productReference = B03298511BD529FF00C5E0B0 /* TagListUITests.xctest */;
			productType = "com.apple.product-type.bundle.ui-testing";
		};
/* End PBXNativeTarget section */

/* Begin PBXProject section */
		B03298301BD529FF00C5E0B0 /* Project object */ = {
			isa = PBXProject;
			attributes = {
				LastUpgradeCheck = 0700;
				ORGANIZATIONNAME = "Weidong Chen";
				TargetAttributes = {
					B03298371BD529FF00C5E0B0 = {
						CreatedOnToolsVersion = 7.0;
					};
					B03298501BD529FF00C5E0B0 = {
						CreatedOnToolsVersion = 7.0;
						TestTargetID = B03298371BD529FF00C5E0B0;
					};
				};
			};
			buildConfigurationList = B03298331BD529FF00C5E0B0 /* Build configuration list for PBXProject "TagList" */;
			compatibilityVersion = "Xcode 3.2";
			developmentRegion = English;
			hasScannedForEncodings = 0;
			knownRegions = (
				en,
				Base,
			);
			mainGroup = B032982F1BD529FF00C5E0B0;
			productRefGroup = B03298391BD529FF00C5E0B0 /* Products */;
			projectDirPath = "";
			projectRoot = "";
			targets = (
				B03298371BD529FF00C5E0B0 /* TagList */,
				B03298501BD529FF00C5E0B0 /* TagListUITests */,
			);
		};
/* End PBXProject section */

/* Begin PBXResourcesBuildPhase section */
		B03298361BD529FF00C5E0B0 /* Resources */ = {
			isa = PBXResourcesBuildPhase;
			buildActionMask = 2147483647;
			files = (
				B032984B1BD529FF00C5E0B0 /* LaunchScreen.storyboard in Resources */,
				B03298481BD529FF00C5E0B0 /* Assets.xcassets in Resources */,
				B03298461BD529FF00C5E0B0 /* Main.storyboard in Resources */,
			);
			runOnlyForDeploymentPostprocessing = 0;
		};
		B032984F1BD529FF00C5E0B0 /* Resources */ = {
			isa = PBXResourcesBuildPhase;
			buildActionMask = 2147483647;
			files = (
			);
			runOnlyForDeploymentPostprocessing = 0;
		};
/* End PBXResourcesBuildPhase section */

/* Begin PBXSourcesBuildPhase section */
		B03298341BD529FF00C5E0B0 /* Sources */ = {
			isa = PBXSourcesBuildPhase;
			buildActionMask = 2147483647;
			files = (
				B03298631BD52A2300C5E0B0 /* WDTagListView.m in Sources */,
				B03298431BD529FF00C5E0B0 /* ViewController.m in Sources */,
				B03298401BD529FF00C5E0B0 /* AppDelegate.m in Sources */,
				B032983D1BD529FF00C5E0B0 /* main.m in Sources */,
				B03298671BD52EDC00C5E0B0 /* UIImage+Resize.m in Sources */,
			);
			runOnlyForDeploymentPostprocessing = 0;
		};
		B032984D1BD529FF00C5E0B0 /* Sources */ = {
			isa = PBXSourcesBuildPhase;
			buildActionMask = 2147483647;
			files = (
				B03298561BD529FF00C5E0B0 /* TagListUITests.m in Sources */,
			);
			runOnlyForDeploymentPostprocessing = 0;
		};
/* End PBXSourcesBuildPhase section */

/* Begin PBXTargetDependency section */
		B03298531BD529FF00C5E0B0 /* PBXTargetDependency */ = {
			isa = PBXTargetDependency;
			target = B03298371BD529FF00C5E0B0 /* TagList */;
			targetProxy = B03298521BD529FF00C5E0B0 /* PBXContainerItemProxy */;
		};
/* End PBXTargetDependency section */

/* Begin PBXVariantGroup section */
		B03298441BD529FF00C5E0B0 /* Main.storyboard */ = {
			isa = PBXVariantGroup;
			children = (
				B03298451BD529FF00C5E0B0 /* Base */,
			);
			name = Main.storyboard;
			sourceTree = "<group>";
		};
		B03298491BD529FF00C5E0B0 /* LaunchScreen.storyboard */ = {
			isa = PBXVariantGroup;
			children = (
				B032984A1BD529FF00C5E0B0 /* Base */,
			);
			name = LaunchScreen.storyboard;
			sourceTree = "<group>";
		};
/* End PBXVariantGroup section */

/* Begin XCBuildConfiguration section */
		B03298581BD529FF00C5E0B0 /* Debug */ = {
			isa = XCBuildConfiguration;
			buildSettings = {
				ALWAYS_SEARCH_USER_PATHS = NO;
				CLANG_CXX_LANGUAGE_STANDARD = "gnu++0x";
				CLANG_CXX_LIBRARY = "libc++";
				CLANG_ENABLE_MODULES = YES;
				CLANG_ENABLE_OBJC_ARC = YES;
				CLANG_WARN_BOOL_CONVERSION = YES;
				CLANG_WARN_CONSTANT_CONVERSION = YES;
				CLANG_WARN_DIRECT_OBJC_ISA_USAGE = YES_ERROR;
				CLANG_WARN_EMPTY_BODY = YES;
				CLANG_WARN_ENUM_CONVERSION = YES;
				CLANG_WARN_INT_CONVERSION = YES;
				CLANG_WARN_OBJC_ROOT_CLASS = YES_ERROR;
				CLANG_WARN_UNREACHABLE_CODE = YES;
				CLANG_WARN__DUPLICATE_METHOD_MATCH = YES;
				"CODE_SIGN_IDENTITY[sdk=iphoneos*]" = "iPhone Developer";
				COPY_PHASE_STRIP = NO;
				DEBUG_INFORMATION_FORMAT = dwarf;
				ENABLE_STRICT_OBJC_MSGSEND = YES;
				ENABLE_TESTABILITY = YES;
				GCC_C_LANGUAGE_STANDARD = gnu99;
				GCC_DYNAMIC_NO_PIC = NO;
				GCC_NO_COMMON_BLOCKS = YES;
				GCC_OPTIMIZATION_LEVEL = 0;
				GCC_PREPROCESSOR_DEFINITIONS = (
					"DEBUG=1",
					"$(inherited)",
				);
				GCC_WARN_64_TO_32_BIT_CONVERSION = YES;
				GCC_WARN_ABOUT_RETURN_TYPE = YES_ERROR;
				GCC_WARN_UNDECLARED_SELECTOR = YES;
				GCC_WARN_UNINITIALIZED_AUTOS = YES_AGGRESSIVE;
				GCC_WARN_UNUSED_FUNCTION = YES;
				GCC_WARN_UNUSED_VARIABLE = YES;
				IPHONEOS_DEPLOYMENT_TARGET = 9.0;
				MTL_ENABLE_DEBUG_INFO = YES;
				ONLY_ACTIVE_ARCH = YES;
				SDKROOT = iphoneos;
			};
			name = Debug;
		};
		B03298591BD529FF00C5E0B0 /* Release */ = {
			isa = XCBuildConfiguration;
			buildSettings = {
				ALWAYS_SEARCH_USER_PATHS = NO;
				CLANG_CXX_LANGUAGE_STANDARD = "gnu++0x";
				CLANG_CXX_LIBRARY = "libc++";
				CLANG_ENABLE_MODULES = YES;
				CLANG_ENABLE_OBJC_ARC = YES;
				CLANG_WARN_BOOL_CONVERSION = YES;
				CLANG_WARN_CONSTANT_CONVERSION = YES;
				CLANG_WARN_DIRECT_OBJC_ISA_USAGE = YES_ERROR;
				CLANG_WARN_EMPTY_BODY = YES;
				CLANG_WARN_ENUM_CONVERSION = YES;
				CLANG_WARN_INT_CONVERSION = YES;
				CLANG_WARN_OBJC_ROOT_CLASS = YES_ERROR;
				CLANG_WARN_UNREACHABLE_CODE = YES;
				CLANG_WARN__DUPLICATE_METHOD_MATCH = YES;
				"CODE_SIGN_IDENTITY[sdk=iphoneos*]" = "iPhone Developer";
				COPY_PHASE_STRIP = NO;
				DEBUG_INFORMATION_FORMAT = "dwarf-with-dsym";
				ENABLE_NS_ASSERTIONS = NO;
				ENABLE_STRICT_OBJC_MSGSEND = YES;
				GCC_C_LANGUAGE_STANDARD = gnu99;
				GCC_NO_COMMON_BLOCKS = YES;
				GCC_WARN_64_TO_32_BIT_CONVERSION = YES;
				GCC_WARN_ABOUT_RETURN_TYPE = YES_ERROR;
				GCC_WARN_UNDECLARED_SELECTOR = YES;
				GCC_WARN_UNINITIALIZED_AUTOS = YES_AGGRESSIVE;
				GCC_WARN_UNUSED_FUNCTION = YES;
				GCC_WARN_UNUSED_VARIABLE = YES;
				IPHONEOS_DEPLOYMENT_TARGET = 9.0;
				MTL_ENABLE_DEBUG_INFO = NO;
				SDKROOT = iphoneos;
				VALIDATE_PRODUCT = YES;
			};
			name = Release;
		};
		B032985B1BD529FF00C5E0B0 /* Debug */ = {
			isa = XCBuildConfiguration;
			buildSettings = {
				ASSETCATALOG_COMPILER_APPICON_NAME = AppIcon;
				INFOPLIST_FILE = TagList/Info.plist;
				LD_RUNPATH_SEARCH_PATHS = "$(inherited) @executable_path/Frameworks";
				PRODUCT_BUNDLE_IDENTIFIER = "Weidong-Chen.TagList";
				PRODUCT_NAME = "$(TARGET_NAME)";
			};
			name = Debug;
		};
		B032985C1BD529FF00C5E0B0 /* Release */ = {
			isa = XCBuildConfiguration;
			buildSettings = {
				ASSETCATALOG_COMPILER_APPICON_NAME = AppIcon;
				INFOPLIST_FILE = TagList/Info.plist;
				LD_RUNPATH_SEARCH_PATHS = "$(inherited) @executable_path/Frameworks";
				PRODUCT_BUNDLE_IDENTIFIER = "Weidong-Chen.TagList";
				PRODUCT_NAME = "$(TARGET_NAME)";
			};
			name = Release;
		};
		B032985E1BD529FF00C5E0B0 /* Debug */ = {
			isa = XCBuildConfiguration;
			buildSettings = {
				INFOPLIST_FILE = TagListUITests/Info.plist;
				LD_RUNPATH_SEARCH_PATHS = "$(inherited) @executable_path/Frameworks @loader_path/Frameworks";
				PRODUCT_BUNDLE_IDENTIFIER = "Weidong-Chen.TagListUITests";
				PRODUCT_NAME = "$(TARGET_NAME)";
				TEST_TARGET_NAME = TagList;
				USES_XCTRUNNER = YES;
			};
			name = Debug;
		};
		B032985F1BD529FF00C5E0B0 /* Release */ = {
			isa = XCBuildConfiguration;
			buildSettings = {
				INFOPLIST_FILE = TagListUITests/Info.plist;
				LD_RUNPATH_SEARCH_PATHS = "$(inherited) @executable_path/Frameworks @loader_path/Frameworks";
				PRODUCT_BUNDLE_IDENTIFIER = "Weidong-Chen.TagListUITests";
				PRODUCT_NAME = "$(TARGET_NAME)";
				TEST_TARGET_NAME = TagList;
				USES_XCTRUNNER = YES;
			};
			name = Release;
		};
/* End XCBuildConfiguration section */

/* Begin XCConfigurationList section */
		B03298331BD529FF00C5E0B0 /* Build configuration list for PBXProject "TagList" */ = {
			isa = XCConfigurationList;
			buildConfigurations = (
				B03298581BD529FF00C5E0B0 /* Debug */,
				B03298591BD529FF00C5E0B0 /* Release */,
			);
			defaultConfigurationIsVisible = 0;
			defaultConfigurationName = Release;
		};
		B032985A1BD529FF00C5E0B0 /* Build configuration list for PBXNativeTarget "TagList" */ = {
			isa = XCConfigurationList;
			buildConfigurations = (
				B032985B1BD529FF00C5E0B0 /* Debug */,
				B032985C1BD529FF00C5E0B0 /* Release */,
			);
			defaultConfigurationIsVisible = 0;
		};
		B032985D1BD529FF00C5E0B0 /* Build configuration list for PBXNativeTarget "TagListUITests" */ = {
			isa = XCConfigurationList;
			buildConfigurations = (
				B032985E1BD529FF00C5E0B0 /* Debug */,
				B032985F1BD529FF00C5E0B0 /* Release */,
			);
			defaultConfigurationIsVisible = 0;
		};
/* End XCConfigurationList section */
	};
	rootObject = B03298301BD529FF00C5E0B0 /* Project object */;
}
